
Microsoft Visual Studio Solution File, Format Version 12.00
# Visual Studio 15
VisualStudioVersion = 15.0.28307.102
MinimumVisualStudioVersion = 10.0.40219.1
Project("{FAE04EC0-301F-11D3-BF4B-00C04F79EFBC}") = "Mack.Club.SkyGrass.GoodNightWeb", "Mack.Club.SkyGrass.GoodNightWeb\Mack.Club.SkyGrass.GoodNightWeb.csproj", "{88890ED9-5E32-46E6-ABBF-76749D4B46DA}"
EndProject
Global
	GlobalSection(SolutionConfigurationPlatforms) = preSolution
		Debug|Any CPU = Debug|Any CPU
		Release|Any CPU = Release|Any CPU
	EndGlobalSection
	GlobalSection(ProjectConfigurationPlatforms) = postSolution
		{88890ED9-5E32-46E6-ABBF-76749D4B46DA}.Debug|Any CPU.ActiveCfg = Debug|Any CPU
		{88890ED9-5E32-46E6-ABBF-76749D4B46DA}.Debug|Any CPU.Build.0 = Debug|Any CPU
		{88890ED9-5E32-46E6-ABBF-76749D4B46DA}.Release|Any CPU.ActiveCfg = Release|Any CPU
		{88890ED9-5E32-46E6-ABBF-76749D4B46DA}.Release|Any CPU.Build.0 = Release|Any CPU
	EndGlobalSection
	GlobalSection(SolutionProperties) = preSolution
		HideSolutionNode = FALSE
	EndGlobalSection
	GlobalSection(ExtensibilityGlobals) = postSolution
		SolutionGuid = {097573B2-9114-4075-91B5-ECD27531D503}
	EndGlobalSection
EndGlobal
